
Microsoft Visual Studio Solution File, Format Version 12.00
# Visual Studio 2012
Project("{FAE04EC0-301F-11D3-BF4B-00C04F79EFBC}") = "CR4VE", "CR4VE\CR4VE\CR4VE.csproj", "{BF6C4C31-B3D9-4C19-956B-1C95CC59EA65}"
EndProject
Project("{96E2B04D-8817-42C6-938A-82C39BA4D311}") = "CR4VEContent", "CR4VE\CR4VEContent\CR4VEContent.contentproj", "{B4D5A356-5EE2-44BA-9B75-BBDD6C5299E2}"
EndProject
Global
	GlobalSection(SolutionConfigurationPlatforms) = preSolution
		Debug|x86 = Debug|x86
		Release|x86 = Release|x86
	EndGlobalSection
	GlobalSection(ProjectConfigurationPlatforms) = postSolution
		{BF6C4C31-B3D9-4C19-956B-1C95CC59EA65}.Debug|x86.ActiveCfg = Debug|x86
		{BF6C4C31-B3D9-4C19-956B-1C95CC59EA65}.Debug|x86.Build.0 = Debug|x86
		{BF6C4C31-B3D9-4C19-956B-1C95CC59EA65}.Release|x86.ActiveCfg = Release|x86
		{BF6C4C31-B3D9-4C19-956B-1C95CC59EA65}.Release|x86.Build.0 = Release|x86
		{B4D5A356-5EE2-44BA-9B75-BBDD6C5299E2}.Debug|x86.ActiveCfg = Debug|x86
		{B4D5A356-5EE2-44BA-9B75-BBDD6C5299E2}.Release|x86.ActiveCfg = Release|x86
	EndGlobalSection
	GlobalSection(SolutionProperties) = preSolution
		HideSolutionNode = FALSE
	EndGlobalSection
EndGlobal
